// !$*UTF8*$!
{
	archiveVersion = 1;
	classes = {
	};
	objectVersion = 56;
	objects = {

/* Begin PBXBuildFile section */
		487346F129A8970900BEAE0C /* FruitMart_practiceApp.swift in Sources */ = {isa = PBXBuildFile; fileRef = 487346F029A8970900BEAE0C /* FruitMart_practiceApp.swift */; };
		487346F329A8970900BEAE0C /* ContentView.swift in Sources */ = {isa = PBXBuildFile; fileRef = 487346F229A8970900BEAE0C /* ContentView.swift */; };
		487346F529A8970A00BEAE0C /* Assets.xcassets in Resources */ = {isa = PBXBuildFile; fileRef = 487346F429A8970A00BEAE0C /* Assets.xcassets */; };
		487346F829A8970A00BEAE0C /* Preview Assets.xcassets in Resources */ = {isa = PBXBuildFile; fileRef = 487346F729A8970A00BEAE0C /* Preview Assets.xcassets */; };
		4873470229A8970A00BEAE0C /* FruitMart_practiceTests.swift in Sources */ = {isa = PBXBuildFile; fileRef = 4873470129A8970A00BEAE0C /* FruitMart_practiceTests.swift */; };
		4873470C29A8970A00BEAE0C /* FruitMart_practiceUITests.swift in Sources */ = {isa = PBXBuildFile; fileRef = 4873470B29A8970A00BEAE0C /* FruitMart_practiceUITests.swift */; };
		4873470E29A8970A00BEAE0C /* FruitMart_practiceUITestsLaunchTests.swift in Sources */ = {isa = PBXBuildFile; fileRef = 4873470D29A8970A00BEAE0C /* FruitMart_practiceUITestsLaunchTests.swift */; };
/* End PBXBuildFile section */

/* Begin PBXContainerItemProxy section */
		487346FE29A8970A00BEAE0C /* PBXContainerItemProxy */ = {
			isa = PBXContainerItemProxy;
			containerPortal = 487346E529A8970900BEAE0C /* Project object */;
			proxyType = 1;
			remoteGlobalIDString = 487346EC29A8970900BEAE0C;
			remoteInfo = FruitMart_practice;
		};
		4873470829A8970A00BEAE0C /* PBXContainerItemProxy */ = {
			isa = PBXContainerItemProxy;
			containerPortal = 487346E529A8970900BEAE0C /* Project object */;
			proxyType = 1;
			remoteGlobalIDString = 487346EC29A8970900BEAE0C;
			remoteInfo = FruitMart_practice;
		};
/* End PBXContainerItemProxy section */

/* Begin PBXFileReference section */
		487346ED29A8970900BEAE0C /* FruitMart_practice.app */ = {isa = PBXFileReference; explicitFileType = wrapper.application; includeInIndex = 0; path = FruitMart_practice.app; sourceTree = BUILT_PRODUCTS_DIR; };
		487346F029A8970900BEAE0C /* FruitMart_practiceApp.swift */ = {isa = PBXFileReference; lastKnownFileType = sourcecode.swift; path = FruitMart_practiceApp.swift; sourceTree = "<group>"; };
		487346F229A8970900BEAE0C /* ContentView.swift */ = {isa = PBXFileReference; lastKnownFileType = sourcecode.swift; path = ContentView.swift; sourceTree = "<group>"; };
		487346F429A8970A00BEAE0C /* Assets.xcassets */ = {isa = PBXFileReference; lastKnownFileType = folder.assetcatalog; path = Assets.xcassets; sourceTree = "<group>"; };
		487346F729A8970A00BEAE0C /* Preview Assets.xcassets */ = {isa = PBXFileReference; lastKnownFileType = folder.assetcatalog; path = "Preview Assets.xcassets"; sourceTree = "<group>"; };
		487346FD29A8970A00BEAE0C /* FruitMart_practiceTests.xctest */ = {isa = PBXFileReference; explicitFileType = wrapper.cfbundle; includeInIndex = 0; path = FruitMart_practiceTests.xctest; sourceTree = BUILT_PRODUCTS_DIR; };
		4873470129A8970A00BEAE0C /* FruitMart_practiceTests.swift */ = {isa = PBXFileReference; lastKnownFileType = sourcecode.swift; path = FruitMart_practiceTests.swift; sourceTree = "<group>"; };
		4873470729A8970A00BEAE0C /* FruitMart_practiceUITests.xctest */ = {isa = PBXFileReference; explicitFileType = wrapper.cfbundle; includeInIndex = 0; path = FruitMart_practiceUITests.xctest; sourceTree = BUILT_PRODUCTS_DIR; };
		4873470B29A8970A00BEAE0C /* FruitMart_practiceUITests.swift */ = {isa = PBXFileReference; lastKnownFileType = sourcecode.swift; path = FruitMart_practiceUITests.swift; sourceTree = "<group>"; };
		4873470D29A8970A00BEAE0C /* FruitMart_practiceUITestsLaunchTests.swift */ = {isa = PBXFileReference; lastKnownFileType = sourcecode.swift; path = FruitMart_practiceUITestsLaunchTests.swift; sourceTree = "<group>"; };
/* End PBXFileReference section */

/* Begin PBXFrameworksBuildPhase section */
		487346EA29A8970900BEAE0C /* Frameworks */ = {
			isa = PBXFrameworksBuildPhase;
			buildActionMask = 2147483647;
			files = (
			);
			runOnlyForDeploymentPostprocessing = 0;
		};
		487346FA29A8970A00BEAE0C /* Frameworks */ = {
			isa = PBXFrameworksBuildPhase;
			buildActionMask = 2147483647;
			files = (
			);
			runOnlyForDeploymentPostprocessing = 0;
		};
		4873470429A8970A00BEAE0C /* Frameworks */ = {
			isa = PBXFrameworksBuildPhase;
			buildActionMask = 2147483647;
			files = (
			);
			runOnlyForDeploymentPostprocessing = 0;
		};
/* End PBXFrameworksBuildPhase section */

/* Begin PBXGroup section */
		487346E429A8970900BEAE0C = {
			isa = PBXGroup;
			children = (
				487346EF29A8970900BEAE0C /* FruitMart_practice */,
				4873470029A8970A00BEAE0C /* FruitMart_practiceTests */,
				4873470A29A8970A00BEAE0C /* FruitMart_practiceUITests */,
				487346EE29A8970900BEAE0C /* Products */,
			);
			sourceTree = "<group>";
		};
		487346EE29A8970900BEAE0C /* Products */ = {
			isa = PBXGroup;
			children = (
				487346ED29A8970900BEAE0C /* FruitMart_practice.app */,
				487346FD29A8970A00BEAE0C /* FruitMart_practiceTests.xctest */,
				4873470729A8970A00BEAE0C /* FruitMart_practiceUITests.xctest */,
			);
			name = Products;
			sourceTree = "<group>";
		};
		487346EF29A8970900BEAE0C /* FruitMart_practice */ = {
			isa = PBXGroup;
			children = (
				487346F029A8970900BEAE0C /* FruitMart_practiceApp.swift */,
				487346F229A8970900BEAE0C /* ContentView.swift */,
				487346F429A8970A00BEAE0C /* Assets.xcassets */,
				487346F629A8970A00BEAE0C /* Preview Content */,
			);
			path = FruitMart_practice;
			sourceTree = "<group>";
		};
		487346F629A8970A00BEAE0C /* Preview Content */ = {
			isa = PBXGroup;
			children = (
				487346F729A8970A00BEAE0C /* Preview Assets.xcassets */,
			);
			path = "Preview Content";
			sourceTree = "<group>";
		};
		4873470029A8970A00BEAE0C /* FruitMart_practiceTests */ = {
			isa = PBXGroup;
			children = (
				4873470129A8970A00BEAE0C /* FruitMart_practiceTests.swift */,
			);
			path = FruitMart_practiceTests;
			sourceTree = "<group>";
		};
		4873470A29A8970A00BEAE0C /* FruitMart_practiceUITests */ = {
			isa = PBXGroup;
			children = (
				4873470B29A8970A00BEAE0C /* FruitMart_practiceUITests.swift */,
				4873470D29A8970A00BEAE0C /* FruitMart_practiceUITestsLaunchTests.swift */,
			);
			path = FruitMart_practiceUITests;
			sourceTree = "<group>";
		};
/* End PBXGroup section */

/* Begin PBXNativeTarget section */
		487346EC29A8970900BEAE0C /* FruitMart_practice */ = {
			isa = PBXNativeTarget;
			buildConfigurationList = 4873471129A8970A00BEAE0C /* Build configuration list for PBXNativeTarget "FruitMart_practice" */;
			buildPhases = (
				487346E929A8970900BEAE0C /* Sources */,
				487346EA29A8970900BEAE0C /* Frameworks */,
				487346EB29A8970900BEAE0C /* Resources */,
			);
			buildRules = (
			);
			dependencies = (
			);
			name = FruitMart_practice;
			productName = FruitMart_practice;
			productReference = 487346ED29A8970900BEAE0C /* FruitMart_practice.app */;
			productType = "com.apple.product-type.application";
		};
		487346FC29A8970A00BEAE0C /* FruitMart_practiceTests */ = {
			isa = PBXNativeTarget;
			buildConfigurationList = 4873471429A8970A00BEAE0C /* Build configuration list for PBXNativeTarget "FruitMart_practiceTests" */;
			buildPhases = (
				487346F929A8970A00BEAE0C /* Sources */,
				487346FA29A8970A00BEAE0C /* Frameworks */,
				487346FB29A8970A00BEAE0C /* Resources */,
			);
			buildRules = (
			);
			dependencies = (
				487346FF29A8970A00BEAE0C /* PBXTargetDependency */,
			);
			name = FruitMart_practiceTests;
			productName = FruitMart_practiceTests;
			productReference = 487346FD29A8970A00BEAE0C /* FruitMart_practiceTests.xctest */;
			productType = "com.apple.product-type.bundle.unit-test";
		};
		4873470629A8970A00BEAE0C /* FruitMart_practiceUITests */ = {
			isa = PBXNativeTarget;
			buildConfigurationList = 4873471729A8970A00BEAE0C /* Build configuration list for PBXNativeTarget "FruitMart_practiceUITests" */;
			buildPhases = (
				4873470329A8970A00BEAE0C /* Sources */,
				4873470429A8970A00BEAE0C /* Frameworks */,
				4873470529A8970A00BEAE0C /* Resources */,
			);
			buildRules = (
			);
			dependencies = (
				4873470929A8970A00BEAE0C /* PBXTargetDependency */,
			);
			name = FruitMart_practiceUITests;
			productName = FruitMart_practiceUITests;
			productReference = 4873470729A8970A00BEAE0C /* FruitMart_practiceUITests.xctest */;
			productType = "com.apple.product-type.bundle.ui-testing";
		};
/* End PBXNativeTarget section */

/* Begin PBXProject section */
		487346E529A8970900BEAE0C /* Project object */ = {
			isa = PBXProject;
			attributes = {
				BuildIndependentTargetsInParallel = 1;
				LastSwiftUpdateCheck = 1420;
				LastUpgradeCheck = 1420;
				TargetAttributes = {
					487346EC29A8970900BEAE0C = {
						CreatedOnToolsVersion = 14.2;
					};
					487346FC29A8970A00BEAE0C = {
						CreatedOnToolsVersion = 14.2;
						TestTargetID = 487346EC29A8970900BEAE0C;
					};
					4873470629A8970A00BEAE0C = {
						CreatedOnToolsVersion = 14.2;
						TestTargetID = 487346EC29A8970900BEAE0C;
					};
				};
			};
			buildConfigurationList = 487346E829A8970900BEAE0C /* Build configuration list for PBXProject "FruitMart_practice" */;
			compatibilityVersion = "Xcode 14.0";
			developmentRegion = en;
			hasScannedForEncodings = 0;
			knownRegions = (
				en,
				Base,
			);
			mainGroup = 487346E429A8970900BEAE0C;
			productRefGroup = 487346EE29A8970900BEAE0C /* Products */;
			projectDirPath = "";
			projectRoot = "";
			targets = (
				487346EC29A8970900BEAE0C /* FruitMart_practice */,
				487346FC29A8970A00BEAE0C /* FruitMart_practiceTests */,
				4873470629A8970A00BEAE0C /* FruitMart_practiceUITests */,
			);
		};
/* End PBXProject section */

/* Begin PBXResourcesBuildPhase section */
		487346EB29A8970900BEAE0C /* Resources */ = {
			isa = PBXResourcesBuildPhase;
			buildActionMask = 2147483647;
			files = (
				487346F829A8970A00BEAE0C /* Preview Assets.xcassets in Resources */,
				487346F529A8970A00BEAE0C /* Assets.xcassets in Resources */,
			);
			runOnlyForDeploymentPostprocessing = 0;
		};
		487346FB29A8970A00BEAE0C /* Resources */ = {
			isa = PBXResourcesBuildPhase;
			buildActionMask = 2147483647;
			files = (
			);
			runOnlyForDeploymentPostprocessing = 0;
		};
		4873470529A8970A00BEAE0C /* Resources */ = {
			isa = PBXResourcesBuildPhase;
			buildActionMask = 2147483647;
			files = (
			);
			runOnlyForDeploymentPostprocessing = 0;
		};
/* End PBXResourcesBuildPhase section */

/* Begin PBXSourcesBuildPhase section */
		487346E929A8970900BEAE0C /* Sources */ = {
			isa = PBXSourcesBuildPhase;
			buildActionMask = 2147483647;
			files = (
				487346F329A8970900BEAE0C /* ContentView.swift in Sources */,
				487346F129A8970900BEAE0C /* FruitMart_practiceApp.swift in Sources */,
			);
			runOnlyForDeploymentPostprocessing = 0;
		};
		487346F929A8970A00BEAE0C /* Sources */ = {
			isa = PBXSourcesBuildPhase;
			buildActionMask = 2147483647;
			files = (
				4873470229A8970A00BEAE0C /* FruitMart_practiceTests.swift in Sources */,
			);
			runOnlyForDeploymentPostprocessing = 0;
		};
		4873470329A8970A00BEAE0C /* Sources */ = {
			isa = PBXSourcesBuildPhase;
			buildActionMask = 2147483647;
			files = (
				4873470E29A8970A00BEAE0C /* FruitMart_practiceUITestsLaunchTests.swift in Sources */,
				4873470C29A8970A00BEAE0C /* FruitMart_practiceUITests.swift in Sources */,
			);
			runOnlyForDeploymentPostprocessing = 0;
		};
/* End PBXSourcesBuildPhase section */

/* Begin PBXTargetDependency section */
		487346FF29A8970A00BEAE0C /* PBXTargetDependency */ = {
			isa = PBXTargetDependency;
			target = 487346EC29A8970900BEAE0C /* FruitMart_practice */;
			targetProxy = 487346FE29A8970A00BEAE0C /* PBXContainerItemProxy */;
		};
		4873470929A8970A00BEAE0C /* PBXTargetDependency */ = {
			isa = PBXTargetDependency;
			target = 487346EC29A8970900BEAE0C /* FruitMart_practice */;
			targetProxy = 4873470829A8970A00BEAE0C /* PBXContainerItemProxy */;
		};
/* End PBXTargetDependency section */

/* Begin XCBuildConfiguration section */
		4873470F29A8970A00BEAE0C /* Debug */ = {
			isa = XCBuildConfiguration;
			buildSettings = {
				ALWAYS_SEARCH_USER_PATHS = NO;
				CLANG_ANALYZER_NONNULL = YES;
				CLANG_ANALYZER_NUMBER_OBJECT_CONVERSION = YES_AGGRESSIVE;
				CLANG_CXX_LANGUAGE_STANDARD = "gnu++20";
				CLANG_ENABLE_MODULES = YES;
				CLANG_ENABLE_OBJC_ARC = YES;
				CLANG_ENABLE_OBJC_WEAK = YES;
				CLANG_WARN_BLOCK_CAPTURE_AUTORELEASING = YES;
				CLANG_WARN_BOOL_CONVERSION = YES;
				CLANG_WARN_COMMA = YES;
				CLANG_WARN_CONSTANT_CONVERSION = YES;
				CLANG_WARN_DEPRECATED_OBJC_IMPLEMENTATIONS = YES;
				CLANG_WARN_DIRECT_OBJC_ISA_USAGE = YES_ERROR;
				CLANG_WARN_DOCUMENTATION_COMMENTS = YES;
				CLANG_WARN_EMPTY_BODY = YES;
				CLANG_WARN_ENUM_CONVERSION = YES;
				CLANG_WARN_INFINITE_RECURSION = YES;
				CLANG_WARN_INT_CONVERSION = YES;
				CLANG_WARN_NON_LITERAL_NULL_CONVERSION = YES;
				CLANG_WARN_OBJC_IMPLICIT_RETAIN_SELF = YES;
				CLANG_WARN_OBJC_LITERAL_CONVERSION = YES;
				CLANG_WARN_OBJC_ROOT_CLASS = YES_ERROR;
				CLANG_WARN_QUOTED_INCLUDE_IN_FRAMEWORK_HEADER = YES;
				CLANG_WARN_RANGE_LOOP_ANALYSIS = YES;
				CLANG_WARN_STRICT_PROTOTYPES = YES;
				CLANG_WARN_SUSPICIOUS_MOVE = YES;
				CLANG_WARN_UNGUARDED_AVAILABILITY = YES_AGGRESSIVE;
				CLANG_WARN_UNREACHABLE_CODE = YES;
				CLANG_WARN__DUPLICATE_METHOD_MATCH = YES;
				COPY_PHASE_STRIP = NO;
				DEBUG_INFORMATION_FORMAT = dwarf;
				ENABLE_STRICT_OBJC_MSGSEND = YES;
				ENABLE_TESTABILITY = YES;
				GCC_C_LANGUAGE_STANDARD = gnu11;
				GCC_DYNAMIC_NO_PIC = NO;
				GCC_NO_COMMON_BLOCKS = YES;
				GCC_OPTIMIZATION_LEVEL = 0;
				GCC_PREPROCESSOR_DEFINITIONS = (
					"DEBUG=1",
					"$(inherited)",
				);
				GCC_WARN_64_TO_32_BIT_CONVERSION = YES;
				GCC_WARN_ABOUT_RETURN_TYPE = YES_ERROR;
				GCC_WARN_UNDECLARED_SELECTOR = YES;
				GCC_WARN_UNINITIALIZED_AUTOS = YES_AGGRESSIVE;
				GCC_WARN_UNUSED_FUNCTION = YES;
				GCC_WARN_UNUSED_VARIABLE = YES;
				IPHONEOS_DEPLOYMENT_TARGET = 16.2;
				MTL_ENABLE_DEBUG_INFO = INCLUDE_SOURCE;
				MTL_FAST_MATH = YES;
				ONLY_ACTIVE_ARCH = YES;
				SDKROOT = iphoneos;
				SWIFT_ACTIVE_COMPILATION_CONDITIONS = DEBUG;
				SWIFT_OPTIMIZATION_LEVEL = "-Onone";
			};
			name = Debug;
		};
		4873471029A8970A00BEAE0C /* Release */ = {
			isa = XCBuildConfiguration;
			buildSettings = {
				ALWAYS_SEARCH_USER_PATHS = NO;
				CLANG_ANALYZER_NONNULL = YES;
				CLANG_ANALYZER_NUMBER_OBJECT_CONVERSION = YES_AGGRESSIVE;
				CLANG_CXX_LANGUAGE_STANDARD = "gnu++20";
				CLANG_ENABLE_MODULES = YES;
				CLANG_ENABLE_OBJC_ARC = YES;
				CLANG_ENABLE_OBJC_WEAK = YES;
				CLANG_WARN_BLOCK_CAPTURE_AUTORELEASING = YES;
				CLANG_WARN_BOOL_CONVERSION = YES;
				CLANG_WARN_COMMA = YES;
				CLANG_WARN_CONSTANT_CONVERSION = YES;
				CLANG_WARN_DEPRECATED_OBJC_IMPLEMENTATIONS = YES;
				CLANG_WARN_DIRECT_OBJC_ISA_USAGE = YES_ERROR;
				CLANG_WARN_DOCUMENTATION_COMMENTS = YES;
				CLANG_WARN_EMPTY_BODY = YES;
				CLANG_WARN_ENUM_CONVERSION = YES;
				CLANG_WARN_INFINITE_RECURSION = YES;
				CLANG_WARN_INT_CONVERSION = YES;
				CLANG_WARN_NON_LITERAL_NULL_CONVERSION = YES;
				CLANG_WARN_OBJC_IMPLICIT_RETAIN_SELF = YES;
				CLANG_WARN_OBJC_LITERAL_CONVERSION = YES;
				CLANG_WARN_OBJC_ROOT_CLASS = YES_ERROR;
				CLANG_WARN_QUOTED_INCLUDE_IN_FRAMEWORK_HEADER = YES;
				CLANG_WARN_RANGE_LOOP_ANALYSIS = YES;
				CLANG_WARN_STRICT_PROTOTYPES = YES;
				CLANG_WARN_SUSPICIOUS_MOVE = YES;
				CLANG_WARN_UNGUARDED_AVAILABILITY = YES_AGGRESSIVE;
				CLANG_WARN_UNREACHABLE_CODE = YES;
				CLANG_WARN__DUPLICATE_METHOD_MATCH = YES;
				COPY_PHASE_STRIP = NO;
				DEBUG_INFORMATION_FORMAT = "dwarf-with-dsym";
				ENABLE_NS_ASSERTIONS = NO;
				ENABLE_STRICT_OBJC_MSGSEND = YES;
				GCC_C_LANGUAGE_STANDARD = gnu11;
				GCC_NO_COMMON_BLOCKS = YES;
				GCC_WARN_64_TO_32_BIT_CONVERSION = YES;
				GCC_WARN_ABOUT_RETURN_TYPE = YES_ERROR;
				GCC_WARN_UNDECLARED_SELECTOR = YES;
				GCC_WARN_UNINITIALIZED_AUTOS = YES_AGGRESSIVE;
				GCC_WARN_UNUSED_FUNCTION = YES;
				GCC_WARN_UNUSED_VARIABLE = YES;
				IPHONEOS_DEPLOYMENT_TARGET = 16.2;
				MTL_ENABLE_DEBUG_INFO = NO;
				MTL_FAST_MATH = YES;
				SDKROOT = iphoneos;
				SWIFT_COMPILATION_MODE = wholemodule;
				SWIFT_OPTIMIZATION_LEVEL = "-O";
				VALIDATE_PRODUCT = YES;
			};
			name = Release;
		};
		4873471229A8970A00BEAE0C /* Debug */ = {
			isa = XCBuildConfiguration;
			buildSettings = {
				ASSETCATALOG_COMPILER_APPICON_NAME = AppIcon;
				ASSETCATALOG_COMPILER_GLOBAL_ACCENT_COLOR_NAME = AccentColor;
				CODE_SIGN_STYLE = Automatic;
				CURRENT_PROJECT_VERSION = 1;
				DEVELOPMENT_ASSET_PATHS = "\"FruitMart_practice/Preview Content\"";
				DEVELOPMENT_TEAM = VV9S35MKSD;
				ENABLE_PREVIEWS = YES;
				GENERATE_INFOPLIST_FILE = YES;
				INFOPLIST_KEY_UIApplicationSceneManifest_Generation = YES;
				INFOPLIST_KEY_UIApplicationSupportsIndirectInputEvents = YES;
				INFOPLIST_KEY_UILaunchScreen_Generation = YES;
				INFOPLIST_KEY_UISupportedInterfaceOrientations_iPad = "UIInterfaceOrientationPortrait UIInterfaceOrientationPortraitUpsideDown UIInterfaceOrientationLandscapeLeft UIInterfaceOrientationLandscapeRight";
				INFOPLIST_KEY_UISupportedInterfaceOrientations_iPhone = "UIInterfaceOrientationPortrait UIInterfaceOrientationLandscapeLeft UIInterfaceOrientationLandscapeRight";
				LD_RUNPATH_SEARCH_PATHS = (
					"$(inherited)",
					"@executable_path/Frameworks",
				);
				MARKETING_VERSION = 1.0;
				PRODUCT_BUNDLE_IDENTIFIER = "com.sojin.FruitMart-practice";
				PRODUCT_NAME = "$(TARGET_NAME)";
				SWIFT_EMIT_LOC_STRINGS = YES;
				SWIFT_VERSION = 5.0;
				TARGETED_DEVICE_FAMILY = "1,2";
			};
			name = Debug;
		};
		4873471329A8970A00BEAE0C /* Release */ = {
			isa = XCBuildConfiguration;
			buildSettings = {
				ASSETCATALOG_COMPILER_APPICON_NAME = AppIcon;
				ASSETCATALOG_COMPILER_GLOBAL_ACCENT_COLOR_NAME = AccentColor;
				CODE_SIGN_STYLE = Automatic;
				CURRENT_PROJECT_VERSION = 1;
				DEVELOPMENT_ASSET_PATHS = "\"FruitMart_practice/Preview Content\"";
				DEVELOPMENT_TEAM = VV9S35MKSD;
				ENABLE_PREVIEWS = YES;
				GENERATE_INFOPLIST_FILE = YES;
				INFOPLIST_KEY_UIApplicationSceneManifest_Generation = YES;
				INFOPLIST_KEY_UIApplicationSupportsIndirectInputEvents = YES;
				INFOPLIST_KEY_UILaunchScreen_Generation = YES;
				INFOPLIST_KEY_UISupportedInterfaceOrientations_iPad = "UIInterfaceOrientationPortrait UIInterfaceOrientationPortraitUpsideDown UIInterfaceOrientationLandscapeLeft UIInterfaceOrientationLandscapeRight";
				INFOPLIST_KEY_UISupportedInterfaceOrientations_iPhone = "UIInterfaceOrientationPortrait UIInterfaceOrientationLandscapeLeft UIInterfaceOrientationLandscapeRight";
				LD_RUNPATH_SEARCH_PATHS = (
					"$(inherited)",
					"@executable_path/Frameworks",
				);
				MARKETING_VERSION = 1.0;
				PRODUCT_BUNDLE_IDENTIFIER = "com.sojin.FruitMart-practice";
				PRODUCT_NAME = "$(TARGET_NAME)";
				SWIFT_EMIT_LOC_STRINGS = YES;
				SWIFT_VERSION = 5.0;
				TARGETED_DEVICE_FAMILY = "1,2";
			};
			name = Release;
		};
		4873471529A8970A00BEAE0C /* Debug */ = {
			isa = XCBuildConfiguration;
			buildSettings = {
				ALWAYS_EMBED_SWIFT_STANDARD_LIBRARIES = YES;
				BUNDLE_LOADER = "$(TEST_HOST)";
				CODE_SIGN_STYLE = Automatic;
				CURRENT_PROJECT_VERSION = 1;
				DEVELOPMENT_TEAM = VV9S35MKSD;
				GENERATE_INFOPLIST_FILE = YES;
				IPHONEOS_DEPLOYMENT_TARGET = 16.2;
				MARKETING_VERSION = 1.0;
				PRODUCT_BUNDLE_IDENTIFIER = "com.sojin.FruitMart-practiceTests";
				PRODUCT_NAME = "$(TARGET_NAME)";
				SWIFT_EMIT_LOC_STRINGS = NO;
				SWIFT_VERSION = 5.0;
				TARGETED_DEVICE_FAMILY = "1,2";
				TEST_HOST = "$(BUILT_PRODUCTS_DIR)/FruitMart_practice.app/$(BUNDLE_EXECUTABLE_FOLDER_PATH)/FruitMart_practice";
			};
			name = Debug;
		};
		4873471629A8970A00BEAE0C /* Release */ = {
			isa = XCBuildConfiguration;
			buildSettings = {
				ALWAYS_EMBED_SWIFT_STANDARD_LIBRARIES = YES;
				BUNDLE_LOADER = "$(TEST_HOST)";
				CODE_SIGN_STYLE = Automatic;
				CURRENT_PROJECT_VERSION = 1;
				DEVELOPMENT_TEAM = VV9S35MKSD;
				GENERATE_INFOPLIST_FILE = YES;
				IPHONEOS_DEPLOYMENT_TARGET = 16.2;
				MARKETING_VERSION = 1.0;
				PRODUCT_BUNDLE_IDENTIFIER = "com.sojin.FruitMart-practiceTests";
				PRODUCT_NAME = "$(TARGET_NAME)";
				SWIFT_EMIT_LOC_STRINGS = NO;
				SWIFT_VERSION = 5.0;
				TARGETED_DEVICE_FAMILY = "1,2";
				TEST_HOST = "$(BUILT_PRODUCTS_DIR)/FruitMart_practice.app/$(BUNDLE_EXECUTABLE_FOLDER_PATH)/FruitMart_practice";
			};
			name = Release;
		};
		4873471829A8970A00BEAE0C /* Debug */ = {
			isa = XCBuildConfiguration;
			buildSettings = {
				ALWAYS_EMBED_SWIFT_STANDARD_LIBRARIES = YES;
				CODE_SIGN_STYLE = Automatic;
				CURRENT_PROJECT_VERSION = 1;
				DEVELOPMENT_TEAM = VV9S35MKSD;
				GENERATE_INFOPLIST_FILE = YES;
				MARKETING_VERSION = 1.0;
				PRODUCT_BUNDLE_IDENTIFIER = "com.sojin.FruitMart-practiceUITests";
				PRODUCT_NAME = "$(TARGET_NAME)";
				SWIFT_EMIT_LOC_STRINGS = NO;
				SWIFT_VERSION = 5.0;
				TARGETED_DEVICE_FAMILY = "1,2";
				TEST_TARGET_NAME = FruitMart_practice;
			};
			name = Debug;
		};
		4873471929A8970A00BEAE0C /* Release */ = {
			isa = XCBuildConfiguration;
			buildSettings = {
				ALWAYS_EMBED_SWIFT_STANDARD_LIBRARIES = YES;
				CODE_SIGN_STYLE = Automatic;
				CURRENT_PROJECT_VERSION = 1;
				DEVELOPMENT_TEAM = VV9S35MKSD;
				GENERATE_INFOPLIST_FILE = YES;
				MARKETING_VERSION = 1.0;
				PRODUCT_BUNDLE_IDENTIFIER = "com.sojin.FruitMart-practiceUITests";
				PRODUCT_NAME = "$(TARGET_NAME)";
				SWIFT_EMIT_LOC_STRINGS = NO;
				SWIFT_VERSION = 5.0;
				TARGETED_DEVICE_FAMILY = "1,2";
				TEST_TARGET_NAME = FruitMart_practice;
			};
			name = Release;
		};
/* End XCBuildConfiguration section */

/* Begin XCConfigurationList section */
		487346E829A8970900BEAE0C /* Build configuration list for PBXProject "FruitMart_practice" */ = {
			isa = XCConfigurationList;
			buildConfigurations = (
				4873470F29A8970A00BEAE0C /* Debug */,
				4873471029A8970A00BEAE0C /* Release */,
			);
			defaultConfigurationIsVisible = 0;
			defaultConfigurationName = Release;
		};
		4873471129A8970A00BEAE0C /* Build configuration list for PBXNativeTarget "FruitMart_practice" */ = {
			isa = XCConfigurationList;
			buildConfigurations = (
				4873471229A8970A00BEAE0C /* Debug */,
				4873471329A8970A00BEAE0C /* Release */,
			);
			defaultConfigurationIsVisible = 0;
			defaultConfigurationName = Release;
		};
		4873471429A8970A00BEAE0C /* Build configuration list for PBXNativeTarget "FruitMart_practiceTests" */ = {
			isa = XCConfigurationList;
			buildConfigurations = (
				4873471529A8970A00BEAE0C /* Debug */,
				4873471629A8970A00BEAE0C /* Release */,
			);
			defaultConfigurationIsVisible = 0;
			defaultConfigurationName = Release;
		};
		4873471729A8970A00BEAE0C /* Build configuration list for PBXNativeTarget "FruitMart_practiceUITests" */ = {
			isa = XCConfigurationList;
			buildConfigurations = (
				4873471829A8970A00BEAE0C /* Debug */,
				4873471929A8970A00BEAE0C /* Release */,
			);
			defaultConfigurationIsVisible = 0;
			defaultConfigurationName = Release;
		};
/* End XCConfigurationList section */
	};
	rootObject = 487346E529A8970900BEAE0C /* Project object */;
}
